
Microsoft Visual Studio Solution File, Format Version 12.00
# Visual Studio Version 16
VisualStudioVersion = 16.0.32602.291
MinimumVisualStudioVersion = 10.0.40219.1
Project("{FAE04EC0-301F-11D3-BF4B-00C04F79EFBC}") = "MVC_ProjeKampi", "MVC_ProjeKampi\MVC_ProjeKampi.csproj", "{216FAAF3-A3C9-404B-90B1-E49973EC5B51}"
EndProject
Project("{FAE04EC0-301F-11D3-BF4B-00C04F79EFBC}") = "EntityLayer", "EntityLayer\EntityLayer.csproj", "{F975D478-7622-4132-A461-D127D488FAA9}"
EndProject
Project("{FAE04EC0-301F-11D3-BF4B-00C04F79EFBC}") = "DataAccessLayer", "DataAccessLayer\DataAccessLayer.csproj", "{64389E66-0ACD-4E9F-8D6F-BC596856C707}"
EndProject
Project("{FAE04EC0-301F-11D3-BF4B-00C04F79EFBC}") = "BusinessLayer", "BusinessLayer\BusinessLayer.csproj", "{5A17C5DC-20AA-4592-AFAF-323A2BBEDB06}"
EndProject
Global
	GlobalSection(SolutionConfigurationPlatforms) = preSolution
		Debug|Any CPU = Debug|Any CPU
		Release|Any CPU = Release|Any CPU
	EndGlobalSection
	GlobalSection(ProjectConfigurationPlatforms) = postSolution
		{216FAAF3-A3C9-404B-90B1-E49973EC5B51}.Debug|Any CPU.ActiveCfg = Debug|Any CPU
		{216FAAF3-A3C9-404B-90B1-E49973EC5B51}.Debug|Any CPU.Build.0 = Debug|Any CPU
		{216FAAF3-A3C9-404B-90B1-E49973EC5B51}.Release|Any CPU.ActiveCfg = Release|Any CPU
		{216FAAF3-A3C9-404B-90B1-E49973EC5B51}.Release|Any CPU.Build.0 = Release|Any CPU
		{F975D478-7622-4132-A461-D127D488FAA9}.Debug|Any CPU.ActiveCfg = Debug|Any CPU
		{F975D478-7622-4132-A461-D127D488FAA9}.Debug|Any CPU.Build.0 = Debug|Any CPU
		{F975D478-7622-4132-A461-D127D488FAA9}.Release|Any CPU.ActiveCfg = Release|Any CPU
		{F975D478-7622-4132-A461-D127D488FAA9}.Release|Any CPU.Build.0 = Release|Any CPU
		{64389E66-0ACD-4E9F-8D6F-BC596856C707}.Debug|Any CPU.ActiveCfg = Debug|Any CPU
		{64389E66-0ACD-4E9F-8D6F-BC596856C707}.Debug|Any CPU.Build.0 = Debug|Any CPU
		{64389E66-0ACD-4E9F-8D6F-BC596856C707}.Release|Any CPU.ActiveCfg = Release|Any CPU
		{64389E66-0ACD-4E9F-8D6F-BC596856C707}.Release|Any CPU.Build.0 = Release|Any CPU
		{5A17C5DC-20AA-4592-AFAF-323A2BBEDB06}.Debug|Any CPU.ActiveCfg = Debug|Any CPU
		{5A17C5DC-20AA-4592-AFAF-323A2BBEDB06}.Debug|Any CPU.Build.0 = Debug|Any CPU
		{5A17C5DC-20AA-4592-AFAF-323A2BBEDB06}.Release|Any CPU.ActiveCfg = Release|Any CPU
		{5A17C5DC-20AA-4592-AFAF-323A2BBEDB06}.Release|Any CPU.Build.0 = Release|Any CPU
	EndGlobalSection
	GlobalSection(SolutionProperties) = preSolution
		HideSolutionNode = FALSE
	EndGlobalSection
	GlobalSection(ExtensibilityGlobals) = postSolution
		SolutionGuid = {29DE5B13-0E47-4CD5-B0EA-92F391F1FA69}
	EndGlobalSection
EndGlobal
